// !$*UTF8*$!
{
	archiveVersion = 1;
	classes = {
	};
	objectVersion = 77;
	objects = {

/* Begin PBXBuildFile section */
		CD3C836F2E7C35CE004B2DC6 /* GoogleSignIn in Frameworks */ = {isa = PBXBuildFile; productRef = CD3C836E2E7C35CE004B2DC6 /* GoogleSignIn */; };
		CD3C83712E7C35CE004B2DC6 /* GoogleSignInSwift in Frameworks */ = {isa = PBXBuildFile; productRef = CD3C83702E7C35CE004B2DC6 /* GoogleSignInSwift */; };
		CD4B28342E7C03AC0014D3B1 /* FirebaseAuth in Frameworks */ = {isa = PBXBuildFile; productRef = CD4B28332E7C03AC0014D3B1 /* FirebaseAuth */; };
		CD4B28362E7C03AC0014D3B1 /* FirebaseDatabase in Frameworks */ = {isa = PBXBuildFile; productRef = CD4B28352E7C03AC0014D3B1 /* FirebaseDatabase */; };
		CD4B28382E7C03AC0014D3B1 /* FirebaseFirestore in Frameworks */ = {isa = PBXBuildFile; productRef = CD4B28372E7C03AC0014D3B1 /* FirebaseFirestore */; };
		CD4B283A2E7C03AC0014D3B1 /* FirebaseStorage in Frameworks */ = {isa = PBXBuildFile; productRef = CD4B28392E7C03AC0014D3B1 /* FirebaseStorage */; };
		CDA97A432E7C9F5C00BF7C9A /* RazorpayCheckout in Frameworks */ = {isa = PBXBuildFile; productRef = CDA97A422E7C9F5C00BF7C9A /* RazorpayCheckout */; };
		CDD3D7D42E840C810049276A /* readme.md in Resources */ = {isa = PBXBuildFile; fileRef = CDD3D7D32E840C7A0049276A /* readme.md */; };
/* End PBXBuildFile section */

/* Begin PBXContainerItemProxy section */
		CD4B28162E7C00BB0014D3B1 /* PBXContainerItemProxy */ = {
			isa = PBXContainerItemProxy;
			containerPortal = CD4B28002E7C00B90014D3B1 /* Project object */;
			proxyType = 1;
			remoteGlobalIDString = CD4B28072E7C00B90014D3B1;
			remoteInfo = Bazzar;
		};
		CD4B28202E7C00BB0014D3B1 /* PBXContainerItemProxy */ = {
			isa = PBXContainerItemProxy;
			containerPortal = CD4B28002E7C00B90014D3B1 /* Project object */;
			proxyType = 1;
			remoteGlobalIDString = CD4B28072E7C00B90014D3B1;
			remoteInfo = Bazzar;
		};
/* End PBXContainerItemProxy section */

/* Begin PBXFileReference section */
		CD4B28082E7C00B90014D3B1 /* Bazzar.app */ = {isa = PBXFileReference; explicitFileType = wrapper.application; includeInIndex = 0; path = Bazzar.app; sourceTree = BUILT_PRODUCTS_DIR; };
		CD4B28152E7C00BB0014D3B1 /* BazzarTests.xctest */ = {isa = PBXFileReference; explicitFileType = wrapper.cfbundle; includeInIndex = 0; path = BazzarTests.xctest; sourceTree = BUILT_PRODUCTS_DIR; };
		CD4B281F2E7C00BB0014D3B1 /* BazzarUITests.xctest */ = {isa = PBXFileReference; explicitFileType = wrapper.cfbundle; includeInIndex = 0; path = BazzarUITests.xctest; sourceTree = BUILT_PRODUCTS_DIR; };
		CDD3D7D32E840C7A0049276A /* readme.md */ = {isa = PBXFileReference; lastKnownFileType = net.daringfireball.markdown; path = readme.md; sourceTree = "<group>"; };
/* End PBXFileReference section */

/* Begin PBXFileSystemSynchronizedBuildFileExceptionSet section */
		CDFA81C92E7C36F6003EB0C1 /* Exceptions for "Bazzar" folder in "Bazzar" target */ = {
			isa = PBXFileSystemSynchronizedBuildFileExceptionSet;
			membershipExceptions = (
				Info.plist,
			);
			target = CD4B28072E7C00B90014D3B1 /* Bazzar */;
		};
/* End PBXFileSystemSynchronizedBuildFileExceptionSet section */

/* Begin PBXFileSystemSynchronizedRootGroup section */
		CD4B280A2E7C00B90014D3B1 /* Bazzar */ = {
			isa = PBXFileSystemSynchronizedRootGroup;
			exceptions = (
				CDFA81C92E7C36F6003EB0C1 /* Exceptions for "Bazzar" folder in "Bazzar" target */,
			);
			path = Bazzar;
			sourceTree = "<group>";
		};
		CD4B28182E7C00BB0014D3B1 /* BazzarTests */ = {
			isa = PBXFileSystemSynchronizedRootGroup;
			path = BazzarTests;
			sourceTree = "<group>";
		};
		CD4B28222E7C00BB0014D3B1 /* BazzarUITests */ = {
			isa = PBXFileSystemSynchronizedRootGroup;
			path = BazzarUITests;
			sourceTree = "<group>";
		};
		CDD3D7D52E840CA50049276A /* assets */ = {
			isa = PBXFileSystemSynchronizedRootGroup;
			path = assets;
			sourceTree = "<group>";
		};
/* End PBXFileSystemSynchronizedRootGroup section */

/* Begin PBXFrameworksBuildPhase section */
		CD4B28052E7C00B90014D3B1 /* Frameworks */ = {
			isa = PBXFrameworksBuildPhase;
			buildActionMask = 2147483647;
			files = (
				CD3C836F2E7C35CE004B2DC6 /* GoogleSignIn in Frameworks */,
				CD4B28362E7C03AC0014D3B1 /* FirebaseDatabase in Frameworks */,
				CDA97A432E7C9F5C00BF7C9A /* RazorpayCheckout in Frameworks */,
				CD4B283A2E7C03AC0014D3B1 /* FirebaseStorage in Frameworks */,
				CD3C83712E7C35CE004B2DC6 /* GoogleSignInSwift in Frameworks */,
				CD4B28342E7C03AC0014D3B1 /* FirebaseAuth in Frameworks */,
				CD4B28382E7C03AC0014D3B1 /* FirebaseFirestore in Frameworks */,
			);
			runOnlyForDeploymentPostprocessing = 0;
		};
		CD4B28122E7C00BB0014D3B1 /* Frameworks */ = {
			isa = PBXFrameworksBuildPhase;
			buildActionMask = 2147483647;
			files = (
			);
			runOnlyForDeploymentPostprocessing = 0;
		};
		CD4B281C2E7C00BB0014D3B1 /* Frameworks */ = {
			isa = PBXFrameworksBuildPhase;
			buildActionMask = 2147483647;
			files = (
			);
			runOnlyForDeploymentPostprocessing = 0;
		};
/* End PBXFrameworksBuildPhase section */

/* Begin PBXGroup section */
		CD4B27FF2E7C00B90014D3B1 = {
			isa = PBXGroup;
			children = (
				CDD3D7D52E840CA50049276A /* assets */,
				CDD3D7D32E840C7A0049276A /* readme.md */,
				CD4B280A2E7C00B90014D3B1 /* Bazzar */,
				CD4B28182E7C00BB0014D3B1 /* BazzarTests */,
				CD4B28222E7C00BB0014D3B1 /* BazzarUITests */,
				CD4B28092E7C00B90014D3B1 /* Products */,
			);
			sourceTree = "<group>";
		};
		CD4B28092E7C00B90014D3B1 /* Products */ = {
			isa = PBXGroup;
			children = (
				CD4B28082E7C00B90014D3B1 /* Bazzar.app */,
				CD4B28152E7C00BB0014D3B1 /* BazzarTests.xctest */,
				CD4B281F2E7C00BB0014D3B1 /* BazzarUITests.xctest */,
			);
			name = Products;
			sourceTree = "<group>";
		};
/* End PBXGroup section */

/* Begin PBXNativeTarget section */
		CD4B28072E7C00B90014D3B1 /* Bazzar */ = {
			isa = PBXNativeTarget;
			buildConfigurationList = CD4B28292E7C00BB0014D3B1 /* Build configuration list for PBXNativeTarget "Bazzar" */;
			buildPhases = (
				CD4B28042E7C00B90014D3B1 /* Sources */,
				CD4B28052E7C00B90014D3B1 /* Frameworks */,
				CD4B28062E7C00B90014D3B1 /* Resources */,
			);
			buildRules = (
			);
			dependencies = (
			);
			fileSystemSynchronizedGroups = (
				CD4B280A2E7C00B90014D3B1 /* Bazzar */,
				CDD3D7D52E840CA50049276A /* assets */,
			);
			name = Bazzar;
			packageProductDependencies = (
				CD4B28332E7C03AC0014D3B1 /* FirebaseAuth */,
				CD4B28352E7C03AC0014D3B1 /* FirebaseDatabase */,
				CD4B28372E7C03AC0014D3B1 /* FirebaseFirestore */,
				CD4B28392E7C03AC0014D3B1 /* FirebaseStorage */,
				CD3C836E2E7C35CE004B2DC6 /* GoogleSignIn */,
				CD3C83702E7C35CE004B2DC6 /* GoogleSignInSwift */,
				CDA97A422E7C9F5C00BF7C9A /* RazorpayCheckout */,
			);
			productName = Bazzar;
			productReference = CD4B28082E7C00B90014D3B1 /* Bazzar.app */;
			productType = "com.apple.product-type.application";
		};
		CD4B28142E7C00BB0014D3B1 /* BazzarTests */ = {
			isa = PBXNativeTarget;
			buildConfigurationList = CD4B282C2E7C00BB0014D3B1 /* Build configuration list for PBXNativeTarget "BazzarTests" */;
			buildPhases = (
				CD4B28112E7C00BB0014D3B1 /* Sources */,
				CD4B28122E7C00BB0014D3B1 /* Frameworks */,
				CD4B28132E7C00BB0014D3B1 /* Resources */,
			);
			buildRules = (
			);
			dependencies = (
				CD4B28172E7C00BB0014D3B1 /* PBXTargetDependency */,
			);
			fileSystemSynchronizedGroups = (
				CD4B28182E7C00BB0014D3B1 /* BazzarTests */,
			);
			name = BazzarTests;
			packageProductDependencies = (
			);
			productName = BazzarTests;
			productReference = CD4B28152E7C00BB0014D3B1 /* BazzarTests.xctest */;
			productType = "com.apple.product-type.bundle.unit-test";
		};
		CD4B281E2E7C00BB0014D3B1 /* BazzarUITests */ = {
			isa = PBXNativeTarget;
			buildConfigurationList = CD4B282F2E7C00BB0014D3B1 /* Build configuration list for PBXNativeTarget "BazzarUITests" */;
			buildPhases = (
				CD4B281B2E7C00BB0014D3B1 /* Sources */,
				CD4B281C2E7C00BB0014D3B1 /* Frameworks */,
				CD4B281D2E7C00BB0014D3B1 /* Resources */,
			);
			buildRules = (
			);
			dependencies = (
				CD4B28212E7C00BB0014D3B1 /* PBXTargetDependency */,
			);
			fileSystemSynchronizedGroups = (
				CD4B28222E7C00BB0014D3B1 /* BazzarUITests */,
			);
			name = BazzarUITests;
			packageProductDependencies = (
			);
			productName = BazzarUITests;
			productReference = CD4B281F2E7C00BB0014D3B1 /* BazzarUITests.xctest */;
			productType = "com.apple.product-type.bundle.ui-testing";
		};
/* End PBXNativeTarget section */

/* Begin PBXProject section */
		CD4B28002E7C00B90014D3B1 /* Project object */ = {
			isa = PBXProject;
			attributes = {
				BuildIndependentTargetsInParallel = 1;
				LastSwiftUpdateCheck = 1640;
				LastUpgradeCheck = 1640;
				TargetAttributes = {
					CD4B28072E7C00B90014D3B1 = {
						CreatedOnToolsVersion = 16.4;
					};
					CD4B28142E7C00BB0014D3B1 = {
						CreatedOnToolsVersion = 16.4;
						TestTargetID = CD4B28072E7C00B90014D3B1;
					};
					CD4B281E2E7C00BB0014D3B1 = {
						CreatedOnToolsVersion = 16.4;
						TestTargetID = CD4B28072E7C00B90014D3B1;
					};
				};
			};
			buildConfigurationList = CD4B28032E7C00B90014D3B1 /* Build configuration list for PBXProject "Bazzar" */;
			developmentRegion = en;
			hasScannedForEncodings = 0;
			knownRegions = (
				en,
				Base,
			);
			mainGroup = CD4B27FF2E7C00B90014D3B1;
			minimizedProjectReferenceProxies = 1;
			packageReferences = (
				CD4B28322E7C03AC0014D3B1 /* XCRemoteSwiftPackageReference "firebase-ios-sdk" */,
				CD3C836D2E7C35CE004B2DC6 /* XCRemoteSwiftPackageReference "GoogleSignIn-iOS" */,
				CDA97A412E7C9F5B00BF7C9A /* XCRemoteSwiftPackageReference "razorpay-pod" */,
			);
			preferredProjectObjectVersion = 77;
			productRefGroup = CD4B28092E7C00B90014D3B1 /* Products */;
			projectDirPath = "";
			projectRoot = "";
			targets = (
				CD4B28072E7C00B90014D3B1 /* Bazzar */,
				CD4B28142E7C00BB0014D3B1 /* BazzarTests */,
				CD4B281E2E7C00BB0014D3B1 /* BazzarUITests */,
			);
		};
/* End PBXProject section */

/* Begin PBXResourcesBuildPhase section */
		CD4B28062E7C00B90014D3B1 /* Resources */ = {
			isa = PBXResourcesBuildPhase;
			buildActionMask = 2147483647;
			files = (
				CDD3D7D42E840C810049276A /* readme.md in Resources */,
			);
			runOnlyForDeploymentPostprocessing = 0;
		};
		CD4B28132E7C00BB0014D3B1 /* Resources */ = {
			isa = PBXResourcesBuildPhase;
			buildActionMask = 2147483647;
			files = (
			);
			runOnlyForDeploymentPostprocessing = 0;
		};
		CD4B281D2E7C00BB0014D3B1 /* Resources */ = {
			isa = PBXResourcesBuildPhase;
			buildActionMask = 2147483647;
			files = (
			);
			runOnlyForDeploymentPostprocessing = 0;
		};
/* End PBXResourcesBuildPhase section */

/* Begin PBXSourcesBuildPhase section */
		CD4B28042E7C00B90014D3B1 /* Sources */ = {
			isa = PBXSourcesBuildPhase;
			buildActionMask = 2147483647;
			files = (
			);
			runOnlyForDeploymentPostprocessing = 0;
		};
		CD4B28112E7C00BB0014D3B1 /* Sources */ = {
			isa = PBXSourcesBuildPhase;
			buildActionMask = 2147483647;
			files = (
			);
			runOnlyForDeploymentPostprocessing = 0;
		};
		CD4B281B2E7C00BB0014D3B1 /* Sources */ = {
			isa = PBXSourcesBuildPhase;
			buildActionMask = 2147483647;
			files = (
			);
			runOnlyForDeploymentPostprocessing = 0;
		};
/* End PBXSourcesBuildPhase section */

/* Begin PBXTargetDependency section */
		CD4B28172E7C00BB0014D3B1 /* PBXTargetDependency */ = {
			isa = PBXTargetDependency;
			target = CD4B28072E7C00B90014D3B1 /* Bazzar */;
			targetProxy = CD4B28162E7C00BB0014D3B1 /* PBXContainerItemProxy */;
		};
		CD4B28212E7C00BB0014D3B1 /* PBXTargetDependency */ = {
			isa = PBXTargetDependency;
			target = CD4B28072E7C00B90014D3B1 /* Bazzar */;
			targetProxy = CD4B28202E7C00BB0014D3B1 /* PBXContainerItemProxy */;
		};
/* End PBXTargetDependency section */

/* Begin XCBuildConfiguration section */
		CD4B28272E7C00BB0014D3B1 /* Debug */ = {
			isa = XCBuildConfiguration;
			buildSettings = {
				ALWAYS_SEARCH_USER_PATHS = NO;
				ASSETCATALOG_COMPILER_GENERATE_SWIFT_ASSET_SYMBOL_EXTENSIONS = YES;
				CLANG_ANALYZER_NONNULL = YES;
				CLANG_ANALYZER_NUMBER_OBJECT_CONVERSION = YES_AGGRESSIVE;
				CLANG_CXX_LANGUAGE_STANDARD = "gnu++20";
				CLANG_ENABLE_MODULES = YES;
				CLANG_ENABLE_OBJC_ARC = YES;
				CLANG_ENABLE_OBJC_WEAK = YES;
				CLANG_WARN_BLOCK_CAPTURE_AUTORELEASING = YES;
				CLANG_WARN_BOOL_CONVERSION = YES;
				CLANG_WARN_COMMA = YES;
				CLANG_WARN_CONSTANT_CONVERSION = YES;
				CLANG_WARN_DEPRECATED_OBJC_IMPLEMENTATIONS = YES;
				CLANG_WARN_DIRECT_OBJC_ISA_USAGE = YES_ERROR;
				CLANG_WARN_DOCUMENTATION_COMMENTS = YES;
				CLANG_WARN_EMPTY_BODY = YES;
				CLANG_WARN_ENUM_CONVERSION = YES;
				CLANG_WARN_INFINITE_RECURSION = YES;
				CLANG_WARN_INT_CONVERSION = YES;
				CLANG_WARN_NON_LITERAL_NULL_CONVERSION = YES;
				CLANG_WARN_OBJC_IMPLICIT_RETAIN_SELF = YES;
				CLANG_WARN_OBJC_LITERAL_CONVERSION = YES;
				CLANG_WARN_OBJC_ROOT_CLASS = YES_ERROR;
				CLANG_WARN_QUOTED_INCLUDE_IN_FRAMEWORK_HEADER = YES;
				CLANG_WARN_RANGE_LOOP_ANALYSIS = YES;
				CLANG_WARN_STRICT_PROTOTYPES = YES;
				CLANG_WARN_SUSPICIOUS_MOVE = YES;
				CLANG_WARN_UNGUARDED_AVAILABILITY = YES_AGGRESSIVE;
				CLANG_WARN_UNREACHABLE_CODE = YES;
				CLANG_WARN__DUPLICATE_METHOD_MATCH = YES;
				COPY_PHASE_STRIP = NO;
				DEBUG_INFORMATION_FORMAT = dwarf;
				DEVELOPMENT_TEAM = BA5S8NQVUG;
				ENABLE_STRICT_OBJC_MSGSEND = YES;
				ENABLE_TESTABILITY = YES;
				ENABLE_USER_SCRIPT_SANDBOXING = YES;
				GCC_C_LANGUAGE_STANDARD = gnu17;
				GCC_DYNAMIC_NO_PIC = NO;
				GCC_NO_COMMON_BLOCKS = YES;
				GCC_OPTIMIZATION_LEVEL = 0;
				GCC_PREPROCESSOR_DEFINITIONS = (
					"DEBUG=1",
					"$(inherited)",
				);
				GCC_WARN_64_TO_32_BIT_CONVERSION = YES;
				GCC_WARN_ABOUT_RETURN_TYPE = YES_ERROR;
				GCC_WARN_UNDECLARED_SELECTOR = YES;
				GCC_WARN_UNINITIALIZED_AUTOS = YES_AGGRESSIVE;
				GCC_WARN_UNUSED_FUNCTION = YES;
				GCC_WARN_UNUSED_VARIABLE = YES;
				IPHONEOS_DEPLOYMENT_TARGET = 18.5;
				LOCALIZATION_PREFERS_STRING_CATALOGS = YES;
				MTL_ENABLE_DEBUG_INFO = INCLUDE_SOURCE;
				MTL_FAST_MATH = YES;
				ONLY_ACTIVE_ARCH = YES;
				SDKROOT = iphoneos;
				SWIFT_ACTIVE_COMPILATION_CONDITIONS = "DEBUG $(inherited)";
				SWIFT_OPTIMIZATION_LEVEL = "-Onone";
			};
			name = Debug;
		};
		CD4B28282E7C00BB0014D3B1 /* Release */ = {
			isa = XCBuildConfiguration;
			buildSettings = {
				ALWAYS_SEARCH_USER_PATHS = NO;
				ASSETCATALOG_COMPILER_GENERATE_SWIFT_ASSET_SYMBOL_EXTENSIONS = YES;
				CLANG_ANALYZER_NONNULL = YES;
				CLANG_ANALYZER_NUMBER_OBJECT_CONVERSION = YES_AGGRESSIVE;
				CLANG_CXX_LANGUAGE_STANDARD = "gnu++20";
				CLANG_ENABLE_MODULES = YES;
				CLANG_ENABLE_OBJC_ARC = YES;
				CLANG_ENABLE_OBJC_WEAK = YES;
				CLANG_WARN_BLOCK_CAPTURE_AUTORELEASING = YES;
				CLANG_WARN_BOOL_CONVERSION = YES;
				CLANG_WARN_COMMA = YES;
				CLANG_WARN_CONSTANT_CONVERSION = YES;
				CLANG_WARN_DEPRECATED_OBJC_IMPLEMENTATIONS = YES;
				CLANG_WARN_DIRECT_OBJC_ISA_USAGE = YES_ERROR;
				CLANG_WARN_DOCUMENTATION_COMMENTS = YES;
				CLANG_WARN_EMPTY_BODY = YES;
				CLANG_WARN_ENUM_CONVERSION = YES;
				CLANG_WARN_INFINITE_RECURSION = YES;
				CLANG_WARN_INT_CONVERSION = YES;
				CLANG_WARN_NON_LITERAL_NULL_CONVERSION = YES;
				CLANG_WARN_OBJC_IMPLICIT_RETAIN_SELF = YES;
				CLANG_WARN_OBJC_LITERAL_CONVERSION = YES;
				CLANG_WARN_OBJC_ROOT_CLASS = YES_ERROR;
				CLANG_WARN_QUOTED_INCLUDE_IN_FRAMEWORK_HEADER = YES;
				CLANG_WARN_RANGE_LOOP_ANALYSIS = YES;
				CLANG_WARN_STRICT_PROTOTYPES = YES;
				CLANG_WARN_SUSPICIOUS_MOVE = YES;
				CLANG_WARN_UNGUARDED_AVAILABILITY = YES_AGGRESSIVE;
				CLANG_WARN_UNREACHABLE_CODE = YES;
				CLANG_WARN__DUPLICATE_METHOD_MATCH = YES;
				COPY_PHASE_STRIP = NO;
				DEBUG_INFORMATION_FORMAT = "dwarf-with-dsym";
				DEVELOPMENT_TEAM = BA5S8NQVUG;
				ENABLE_NS_ASSERTIONS = NO;
				ENABLE_STRICT_OBJC_MSGSEND = YES;
				ENABLE_USER_SCRIPT_SANDBOXING = YES;
				GCC_C_LANGUAGE_STANDARD = gnu17;
				GCC_NO_COMMON_BLOCKS = YES;
				GCC_WARN_64_TO_32_BIT_CONVERSION = YES;
				GCC_WARN_ABOUT_RETURN_TYPE = YES_ERROR;
				GCC_WARN_UNDECLARED_SELECTOR = YES;
				GCC_WARN_UNINITIALIZED_AUTOS = YES_AGGRESSIVE;
				GCC_WARN_UNUSED_FUNCTION = YES;
				GCC_WARN_UNUSED_VARIABLE = YES;
				IPHONEOS_DEPLOYMENT_TARGET = 18.5;
				LOCALIZATION_PREFERS_STRING_CATALOGS = YES;
				MTL_ENABLE_DEBUG_INFO = NO;
				MTL_FAST_MATH = YES;
				SDKROOT = iphoneos;
				SWIFT_COMPILATION_MODE = wholemodule;
				VALIDATE_PRODUCT = YES;
			};
			name = Release;
		};
		CD4B282A2E7C00BB0014D3B1 /* Debug */ = {
			isa = XCBuildConfiguration;
			buildSettings = {
				ASSETCATALOG_COMPILER_APPICON_NAME = AppIcon;
				ASSETCATALOG_COMPILER_GLOBAL_ACCENT_COLOR_NAME = AccentColor;
				CODE_SIGN_ENTITLEMENTS = Bazzar/Bazzar.entitlements;
				CODE_SIGN_STYLE = Automatic;
				CURRENT_PROJECT_VERSION = 1;
				DEBUG_INFORMATION_FORMAT = "dwarf-with-dsym";
				DEVELOPMENT_TEAM = BA5S8NQVUG;
				ENABLE_PREVIEWS = YES;
				GENERATE_INFOPLIST_FILE = YES;
				INFOPLIST_FILE = Bazzar/Info.plist;
				INFOPLIST_KEY_UIApplicationSceneManifest_Generation = YES;
				INFOPLIST_KEY_UIApplicationSupportsIndirectInputEvents = YES;
				INFOPLIST_KEY_UILaunchScreen_Generation = YES;
				INFOPLIST_KEY_UISupportedInterfaceOrientations = UIInterfaceOrientationPortrait;
				INFOPLIST_KEY_UISupportedInterfaceOrientations_iPad = "UIInterfaceOrientationLandscapeLeft UIInterfaceOrientationLandscapeRight UIInterfaceOrientationPortrait UIInterfaceOrientationPortraitUpsideDown";
				LD_RUNPATH_SEARCH_PATHS = (
					"$(inherited)",
					"@executable_path/Frameworks",
				);
				MARKETING_VERSION = 1.0;
				PRODUCT_BUNDLE_IDENTIFIER = com.rachna.Bazzar;
				PRODUCT_NAME = "$(TARGET_NAME)";
				SUPPORTED_PLATFORMS = "iphoneos iphonesimulator";
				SUPPORTS_MACCATALYST = NO;
				SUPPORTS_MAC_DESIGNED_FOR_IPHONE_IPAD = NO;
				SUPPORTS_XR_DESIGNED_FOR_IPHONE_IPAD = NO;
				SWIFT_EMIT_LOC_STRINGS = YES;
				SWIFT_VERSION = 5.0;
				TARGETED_DEVICE_FAMILY = 1;
			};
			name = Debug;
		};
		CD4B282B2E7C00BB0014D3B1 /* Release */ = {
			isa = XCBuildConfiguration;
			buildSettings = {
				ASSETCATALOG_COMPILER_APPICON_NAME = AppIcon;
				ASSETCATALOG_COMPILER_GLOBAL_ACCENT_COLOR_NAME = AccentColor;
				CODE_SIGN_ENTITLEMENTS = Bazzar/Bazzar.entitlements;
				CODE_SIGN_STYLE = Automatic;
				CURRENT_PROJECT_VERSION = 1;
				DEVELOPMENT_TEAM = BA5S8NQVUG;
				ENABLE_PREVIEWS = YES;
				GENERATE_INFOPLIST_FILE = YES;
				INFOPLIST_FILE = Bazzar/Info.plist;
				INFOPLIST_KEY_UIApplicationSceneManifest_Generation = YES;
				INFOPLIST_KEY_UIApplicationSupportsIndirectInputEvents = YES;
				INFOPLIST_KEY_UILaunchScreen_Generation = YES;
				INFOPLIST_KEY_UISupportedInterfaceOrientations = UIInterfaceOrientationPortrait;
				INFOPLIST_KEY_UISupportedInterfaceOrientations_iPad = "UIInterfaceOrientationLandscapeLeft UIInterfaceOrientationLandscapeRight UIInterfaceOrientationPortrait UIInterfaceOrientationPortraitUpsideDown";
				LD_RUNPATH_SEARCH_PATHS = (
					"$(inherited)",
					"@executable_path/Frameworks",
				);
				MARKETING_VERSION = 1.0;
				PRODUCT_BUNDLE_IDENTIFIER = com.rachna.Bazzar;
				PRODUCT_NAME = "$(TARGET_NAME)";
				SUPPORTED_PLATFORMS = "iphoneos iphonesimulator";
				SUPPORTS_MACCATALYST = NO;
				SUPPORTS_MAC_DESIGNED_FOR_IPHONE_IPAD = NO;
				SUPPORTS_XR_DESIGNED_FOR_IPHONE_IPAD = NO;
				SWIFT_EMIT_LOC_STRINGS = YES;
				SWIFT_VERSION = 5.0;
				TARGETED_DEVICE_FAMILY = 1;
			};
			name = Release;
		};
		CD4B282D2E7C00BB0014D3B1 /* Debug */ = {
			isa = XCBuildConfiguration;
			buildSettings = {
				BUNDLE_LOADER = "$(TEST_HOST)";
				CODE_SIGN_STYLE = Automatic;
				CURRENT_PROJECT_VERSION = 1;
				DEVELOPMENT_TEAM = BA5S8NQVUG;
				GENERATE_INFOPLIST_FILE = YES;
				IPHONEOS_DEPLOYMENT_TARGET = 18.5;
				MARKETING_VERSION = 1.0;
				PRODUCT_BUNDLE_IDENTIFIER = com.rachna.BazzarTests;
				PRODUCT_NAME = "$(TARGET_NAME)";
				SWIFT_EMIT_LOC_STRINGS = NO;
				SWIFT_VERSION = 5.0;
				TARGETED_DEVICE_FAMILY = "1,2";
				TEST_HOST = "$(BUILT_PRODUCTS_DIR)/Bazzar.app/$(BUNDLE_EXECUTABLE_FOLDER_PATH)/Bazzar";
			};
			name = Debug;
		};
		CD4B282E2E7C00BB0014D3B1 /* Release */ = {
			isa = XCBuildConfiguration;
			buildSettings = {
				BUNDLE_LOADER = "$(TEST_HOST)";
				CODE_SIGN_STYLE = Automatic;
				CURRENT_PROJECT_VERSION = 1;
				DEVELOPMENT_TEAM = BA5S8NQVUG;
				GENERATE_INFOPLIST_FILE = YES;
				IPHONEOS_DEPLOYMENT_TARGET = 18.5;
				MARKETING_VERSION = 1.0;
				PRODUCT_BUNDLE_IDENTIFIER = com.rachna.BazzarTests;
				PRODUCT_NAME = "$(TARGET_NAME)";
				SWIFT_EMIT_LOC_STRINGS = NO;
				SWIFT_VERSION = 5.0;
				TARGETED_DEVICE_FAMILY = "1,2";
				TEST_HOST = "$(BUILT_PRODUCTS_DIR)/Bazzar.app/$(BUNDLE_EXECUTABLE_FOLDER_PATH)/Bazzar";
			};
			name = Release;
		};
		CD4B28302E7C00BB0014D3B1 /* Debug */ = {
			isa = XCBuildConfiguration;
			buildSettings = {
				CODE_SIGN_STYLE = Automatic;
				CURRENT_PROJECT_VERSION = 1;
				DEVELOPMENT_TEAM = BA5S8NQVUG;
				GENERATE_INFOPLIST_FILE = YES;
				MARKETING_VERSION = 1.0;
				PRODUCT_BUNDLE_IDENTIFIER = com.rachna.BazzarUITests;
				PRODUCT_NAME = "$(TARGET_NAME)";
				SWIFT_EMIT_LOC_STRINGS = NO;
				SWIFT_VERSION = 5.0;
				TARGETED_DEVICE_FAMILY = "1,2";
				TEST_TARGET_NAME = Bazzar;
			};
			name = Debug;
		};
		CD4B28312E7C00BB0014D3B1 /* Release */ = {
			isa = XCBuildConfiguration;
			buildSettings = {
				CODE_SIGN_STYLE = Automatic;
				CURRENT_PROJECT_VERSION = 1;
				DEVELOPMENT_TEAM = BA5S8NQVUG;
				GENERATE_INFOPLIST_FILE = YES;
				MARKETING_VERSION = 1.0;
				PRODUCT_BUNDLE_IDENTIFIER = com.rachna.BazzarUITests;
				PRODUCT_NAME = "$(TARGET_NAME)";
				SWIFT_EMIT_LOC_STRINGS = NO;
				SWIFT_VERSION = 5.0;
				TARGETED_DEVICE_FAMILY = "1,2";
				TEST_TARGET_NAME = Bazzar;
			};
			name = Release;
		};
/* End XCBuildConfiguration section */

/* Begin XCConfigurationList section */
		CD4B28032E7C00B90014D3B1 /* Build configuration list for PBXProject "Bazzar" */ = {
			isa = XCConfigurationList;
			buildConfigurations = (
				CD4B28272E7C00BB0014D3B1 /* Debug */,
				CD4B28282E7C00BB0014D3B1 /* Release */,
			);
			defaultConfigurationIsVisible = 0;
			defaultConfigurationName = Release;
		};
		CD4B28292E7C00BB0014D3B1 /* Build configuration list for PBXNativeTarget "Bazzar" */ = {
			isa = XCConfigurationList;
			buildConfigurations = (
				CD4B282A2E7C00BB0014D3B1 /* Debug */,
				CD4B282B2E7C00BB0014D3B1 /* Release */,
			);
			defaultConfigurationIsVisible = 0;
			defaultConfigurationName = Release;
		};
		CD4B282C2E7C00BB0014D3B1 /* Build configuration list for PBXNativeTarget "BazzarTests" */ = {
			isa = XCConfigurationList;
			buildConfigurations = (
				CD4B282D2E7C00BB0014D3B1 /* Debug */,
				CD4B282E2E7C00BB0014D3B1 /* Release */,
			);
			defaultConfigurationIsVisible = 0;
			defaultConfigurationName = Release;
		};
		CD4B282F2E7C00BB0014D3B1 /* Build configuration list for PBXNativeTarget "BazzarUITests" */ = {
			isa = XCConfigurationList;
			buildConfigurations = (
				CD4B28302E7C00BB0014D3B1 /* Debug */,
				CD4B28312E7C00BB0014D3B1 /* Release */,
			);
			defaultConfigurationIsVisible = 0;
			defaultConfigurationName = Release;
		};
/* End XCConfigurationList section */

/* Begin XCRemoteSwiftPackageReference section */
		CD3C836D2E7C35CE004B2DC6 /* XCRemoteSwiftPackageReference "GoogleSignIn-iOS" */ = {
			isa = XCRemoteSwiftPackageReference;
			repositoryURL = "https://github.com/google/GoogleSignIn-iOS";
			requirement = {
				kind = upToNextMajorVersion;
				minimumVersion = 7.0.0;
			};
		};
		CD4B28322E7C03AC0014D3B1 /* XCRemoteSwiftPackageReference "firebase-ios-sdk" */ = {
			isa = XCRemoteSwiftPackageReference;
			repositoryURL = "https://github.com/firebase/firebase-ios-sdk.git";
			requirement = {
				kind = upToNextMajorVersion;
				minimumVersion = 12.3.0;
			};
		};
		CDA97A412E7C9F5B00BF7C9A /* XCRemoteSwiftPackageReference "razorpay-pod" */ = {
			isa = XCRemoteSwiftPackageReference;
			repositoryURL = "https://github.com/razorpay/razorpay-pod";
			requirement = {
				kind = upToNextMajorVersion;
				minimumVersion = 1.4.5;
			};
		};
/* End XCRemoteSwiftPackageReference section */

/* Begin XCSwiftPackageProductDependency section */
		CD3C836E2E7C35CE004B2DC6 /* GoogleSignIn */ = {
			isa = XCSwiftPackageProductDependency;
			package = CD3C836D2E7C35CE004B2DC6 /* XCRemoteSwiftPackageReference "GoogleSignIn-iOS" */;
			productName = GoogleSignIn;
		};
		CD3C83702E7C35CE004B2DC6 /* GoogleSignInSwift */ = {
			isa = XCSwiftPackageProductDependency;
			package = CD3C836D2E7C35CE004B2DC6 /* XCRemoteSwiftPackageReference "GoogleSignIn-iOS" */;
			productName = GoogleSignInSwift;
		};
		CD4B28332E7C03AC0014D3B1 /* FirebaseAuth */ = {
			isa = XCSwiftPackageProductDependency;
			package = CD4B28322E7C03AC0014D3B1 /* XCRemoteSwiftPackageReference "firebase-ios-sdk" */;
			productName = FirebaseAuth;
		};
		CD4B28352E7C03AC0014D3B1 /* FirebaseDatabase */ = {
			isa = XCSwiftPackageProductDependency;
			package = CD4B28322E7C03AC0014D3B1 /* XCRemoteSwiftPackageReference "firebase-ios-sdk" */;
			productName = FirebaseDatabase;
		};
		CD4B28372E7C03AC0014D3B1 /* FirebaseFirestore */ = {
			isa = XCSwiftPackageProductDependency;
			package = CD4B28322E7C03AC0014D3B1 /* XCRemoteSwiftPackageReference "firebase-ios-sdk" */;
			productName = FirebaseFirestore;
		};
		CD4B28392E7C03AC0014D3B1 /* FirebaseStorage */ = {
			isa = XCSwiftPackageProductDependency;
			package = CD4B28322E7C03AC0014D3B1 /* XCRemoteSwiftPackageReference "firebase-ios-sdk" */;
			productName = FirebaseStorage;
		};
		CDA97A422E7C9F5C00BF7C9A /* RazorpayCheckout */ = {
			isa = XCSwiftPackageProductDependency;
			package = CDA97A412E7C9F5B00BF7C9A /* XCRemoteSwiftPackageReference "razorpay-pod" */;
			productName = RazorpayCheckout;
		};
/* End XCSwiftPackageProductDependency section */
	};
	rootObject = CD4B28002E7C00B90014D3B1 /* Project object */;
}
